lockfileVersion: '9.0'

settings:
  autoInstallPeers: true
  excludeLinksFromLockfile: false

importers:

  .:
    dependencies:
      tslib:
        specifier: ^2.3.0
        version: 2.7.0
    devDependencies:
      git-cz:
        specifier: ^4.9.0
        version: 4.9.0

packages:

  git-cz@4.9.0:
    resolution: {integrity: sha512-cSRL8IIOXU7UFLdbziCYqg8f8InwLwqHezkiRHNSph7oZqGv0togId1kMTfKil6gzK0VaSXeVBb4oDl0fQCHiw==}
    hasBin: true

  tslib@2.7.0:
    resolution: {integrity: sha512-gLXCKdN1/j47AiHiOkJN69hJmcbGTHI0ImLmbYLHykhgeN0jVGola9yVjFgzCUklsZQMW55o+dW7IXv3RCXDzA==}

snapshots:

  git-cz@4.9.0: {}

  tslib@2.7.0: {}
