lockfileVersion: '9.0'

settings:
  autoInstallPeers: true
  excludeLinksFromLockfile: false

importers:

  .:
    devDependencies:
      '@zhumeisong/semantic-release-config':
        specifier: ^1.2.2
        version: 1.2.2

packages:

  '@zhumeisong/semantic-release-config@1.2.2':
    resolution: {integrity: sha512-+2viHE7Mh46ehxZhuk/McULedu0tEhO9GhM9LssBdhwCWQcfPUXYcAhVPYeGK1Bn44xmxoRiiL+pIpMeeJKP2Q==}

snapshots:

  '@zhumeisong/semantic-release-config@1.2.2': {}
